{
  "name": "cheap-eyes",
  "version": "0.1.0",
  "lockfileVersion": 3,
  "requires": true,
  "packages": {
    "": {
      "name": "cheap-eyes",
      "version": "0.1.0",
      "dependencies": {
        "@modelcontextprotocol/node": "^2.1.0",
        "@modelcontextprotocol/server": "^2.1.0",
        "ignore": "^7.0.10",
        "zod": "^4.6.5"
      }
    },
    "node_modules/@hono/node-server": {
      "version": "1.19.17",
      "resolved": "https://registry.npmjs.org/@hono/node-server/-/node-server-1.19.17.tgz",
      "integrity": "sha512-dSneS5qhiauZWGDCeK4o695Xd9nUNjviSZCMQrj10eetr8Uln1ucn6bbphOM6UynAMMtNIzZNSpL9vnASJwrPQ==",
      "license": "MIT",
      "engines": {
        "node": ">=18.14.1"
      },
      "peerDependencies": {
        "hono": "^4"
      }
    },
    "node_modules/@modelcontextprotocol/core": {
      "version": "2.1.0",
      "resolved": "https://registry.npmjs.org/@modelcontextprotocol/core/-/core-2.1.0.tgz",
      "integrity": "sha512-YdFj5gMRHr0gYNAhTbQDgjLHiEJdIAUYxomhKseUNye7ZGlISQmUoLh2sveFFCiQ7j2YMffT1kgSND0FSfIFjQ==",
      "license": "MIT",
      "dependencies": {
        "zod": "^4.2.0"
      },
      "engines": {
        "node": ">=20"
      }
    },
    "node_modules/@modelcontextprotocol/node": {
      "version": "2.1.0",
      "resolved": "https://registry.npmjs.org/@modelcontextprotocol/node/-/node-2.1.0.tgz",
      "integrity": "sha512-6xg3iWVcOfiL8Y7rI6xUqXD0lI2AY5q3djsa/cOi1IJUSwx06t0gvhSwU/6mIIohrFlt40/ANUG56DQ0HLhILQ==",
      "license": "MIT",
      "dependencies": {
        "@hono/node-server": "^1.19.9"
      },
      "engines": {
        "node": ">=20"
      },
      "peerDependencies": {
        "@modelcontextprotocol/server": "^2.1.0",
        "hono": "^4.11.4"
      },
      "peerDependenciesMeta": {
        "hono": {
          "optional": true
        }
      }
    },
    "node_modules/@modelcontextprotocol/server": {
      "version": "2.1.0",
      "resolved": "https://registry.npmjs.org/@modelcontextprotocol/server/-/server-2.1.0.tgz",
      "integrity": "sha512-FdvwZU5N03O77Suh35JqjAqq5R1ZTEPFtwu6N4BgBq28qrQtrCnpbLL5U2pwYCuE194jAw0xnlOVmIqhfoYuUQ==",
      "license": "MIT",
      "dependencies": {
        "@modelcontextprotocol/core": "2.1.0",
        "zod": "^4.2.0"
      },
      "engines": {
        "node": ">=20"
      }
    },
    "node_modules/hono": {
      "version": "4.13.9",
      "resolved": "https://registry.npmjs.org/hono/-/hono-4.13.9.tgz",
      "integrity": "sha512-7dMkQmZoC4E6F7AtaQSPhlWAdnBti+j7rreMZl8QB4jFiEhP9TWbGWUMi8WYzBCgmgulxuvLQupKqo+Co6Omyg==",
      "license": "MIT",
      "peer": true,
      "engines": {
        "node": ">=16.9.0"
      }
    },
    "node_modules/ignore": {
      "version": "7.0.10",
      "resolved": "https://registry.npmjs.org/ignore/-/ignore-7.0.10.tgz",
      "integrity": "sha512-HpbUakT7xp5miBUywCHf36ZEuAJNklBJDDsGpUIjMzOSmM8ELSfA9Sa/QDPeNeqeoN31u+UTCkL4klCOVvRm4Q==",
      "license": "MIT",
      "engines": {
        "node": ">= 4"
      }
    },
    "node_modules/zod": {
      "version": "4.6.5",
      "resolved": "https://registry.npmjs.org/zod/-/zod-4.6.5.tgz",
      "integrity": "sha512-v5l/aFXZQeai4awLbOpSoHecE9UiMrnfx75tEXLjNonXVARxQ5mOeipTjROUchszUNCqnE+hqAMujRsRHsut2Q==",
      "license": "MIT",
      "funding": {
        "url": "https://github.com/sponsors/colinhacks"
      }
    }
  }
}
